// !$*UTF8*$!
{
	archiveVersion = 1;
	classes = {
	};
	objectVersion = 56;
	objects = {

/* Begin PBXBuildFile section */
		825FDEED2EE9EA6400397528 /* StreamFeeds in Frameworks */ = {isa = PBXBuildFile; productRef = 825FDEEC2EE9EA6400397528 /* StreamFeeds */; };
		82C3506B2C47C0C700204222 /* TestFrameworksApp.swift in Sources */ = {isa = PBXBuildFile; fileRef = 82C3506A2C47C0C700204222 /* TestFrameworksApp.swift */; };
		82C3506D2C47C0C700204222 /* ContentView.swift in Sources */ = {isa = PBXBuildFile; fileRef = 82C3506C2C47C0C700204222 /* ContentView.swift */; };
		82C3506F2C47C0C800204222 /* Assets.xcassets in Resources */ = {isa = PBXBuildFile; fileRef = 82C3506E2C47C0C800204222 /* Assets.xcassets */; };
		82C350722C47C0C800204222 /* Preview Assets.xcassets in Resources */ = {isa = PBXBuildFile; fileRef = 82C350712C47C0C800204222 /* Preview Assets.xcassets */; };
		82C3507A2C47C1DE00204222 /* StreamChat in Frameworks */ = {isa = PBXBuildFile; productRef = 82C350792C47C1DE00204222 /* StreamChat */; };
		82C3507C2C47C1DE00204222 /* StreamChatUI in Frameworks */ = {isa = PBXBuildFile; productRef = 82C3507B2C47C1DE00204222 /* StreamChatUI */; };
		82C3507F2C47C21100204222 /* StreamChatSwiftUI in Frameworks */ = {isa = PBXBuildFile; productRef = 82C3507E2C47C21100204222 /* StreamChatSwiftUI */; };
		82C350822C47C25B00204222 /* StreamVideo in Frameworks */ = {isa = PBXBuildFile; productRef = 82C350812C47C25B00204222 /* StreamVideo */; };
		82C350842C47C25B00204222 /* StreamVideoSwiftUI in Frameworks */ = {isa = PBXBuildFile; productRef = 82C350832C47C25B00204222 /* StreamVideoSwiftUI */; };
		82C350862C47C25B00204222 /* StreamVideoUIKit in Frameworks */ = {isa = PBXBuildFile; productRef = 82C350852C47C25B00204222 /* StreamVideoUIKit */; };
/* End PBXBuildFile section */

/* Begin PBXFileReference section */
		82C350672C47C0C700204222 /* TestFrameworks.app */ = {isa = PBXFileReference; explicitFileType = wrapper.application; includeInIndex = 0; path = TestFrameworks.app; sourceTree = BUILT_PRODUCTS_DIR; };
		82C3506A2C47C0C700204222 /* TestFrameworksApp.swift */ = {isa = PBXFileReference; lastKnownFileType = sourcecode.swift; path = TestFrameworksApp.swift; sourceTree = "<group>"; };
		82C3506C2C47C0C700204222 /* ContentView.swift */ = {isa = PBXFileReference; lastKnownFileType = sourcecode.swift; path = ContentView.swift; sourceTree = "<group>"; };
		82C3506E2C47C0C800204222 /* Assets.xcassets */ = {isa = PBXFileReference; lastKnownFileType = folder.assetcatalog; path = Assets.xcassets; sourceTree = "<group>"; };
		82C350712C47C0C800204222 /* Preview Assets.xcassets */ = {isa = PBXFileReference; lastKnownFileType = folder.assetcatalog; path = "Preview Assets.xcassets"; sourceTree = "<group>"; };
/* End PBXFileReference section */

/* Begin PBXFrameworksBuildPhase section */
		82C350642C47C0C600204222 /* Frameworks */ = {
			isa = PBXFrameworksBuildPhase;
			buildActionMask = 2147483647;
			files = (
				82C3507F2C47C21100204222 /* StreamChatSwiftUI in Frameworks */,
				82C350862C47C25B00204222 /* StreamVideoUIKit in Frameworks */,
				82C3507C2C47C1DE00204222 /* StreamChatUI in Frameworks */,
				82C350822C47C25B00204222 /* StreamVideo in Frameworks */,
				82C350842C47C25B00204222 /* StreamVideoSwiftUI in Frameworks */,
				82C3507A2C47C1DE00204222 /* StreamChat in Frameworks */,
				825FDEED2EE9EA6400397528 /* StreamFeeds in Frameworks */,
			);
			runOnlyForDeploymentPostprocessing = 0;
		};
/* End PBXFrameworksBuildPhase section */

/* Begin PBXGroup section */
		82C3505E2C47C0C600204222 = {
			isa = PBXGroup;
			children = (
				82C350692C47C0C700204222 /* TestFrameworks */,
				82C350682C47C0C700204222 /* Products */,
			);
			sourceTree = "<group>";
		};
		82C350682C47C0C700204222 /* Products */ = {
			isa = PBXGroup;
			children = (
				82C350672C47C0C700204222 /* TestFrameworks.app */,
			);
			name = Products;
			sourceTree = "<group>";
		};
		82C350692C47C0C700204222 /* TestFrameworks */ = {
			isa = PBXGroup;
			children = (
				82C3506A2C47C0C700204222 /* TestFrameworksApp.swift */,
				82C3506C2C47C0C700204222 /* ContentView.swift */,
				82C3506E2C47C0C800204222 /* Assets.xcassets */,
				82C350702C47C0C800204222 /* Preview Content */,
			);
			path = TestFrameworks;
			sourceTree = "<group>";
		};
		82C350702C47C0C800204222 /* Preview Content */ = {
			isa = PBXGroup;
			children = (
				82C350712C47C0C800204222 /* Preview Assets.xcassets */,
			);
			path = "Preview Content";
			sourceTree = "<group>";
		};
/* End PBXGroup section */

/* Begin PBXNativeTarget section */
		82C350662C47C0C600204222 /* TestFrameworks */ = {
			isa = PBXNativeTarget;
			buildConfigurationList = 82C350752C47C0C800204222 /* Build configuration list for PBXNativeTarget "TestFrameworks" */;
			buildPhases = (
				82C350632C47C0C600204222 /* Sources */,
				82C350642C47C0C600204222 /* Frameworks */,
				82C350652C47C0C600204222 /* Resources */,
			);
			buildRules = (
			);
			dependencies = (
			);
			name = TestFrameworks;
			packageProductDependencies = (
				82C350792C47C1DE00204222 /* StreamChat */,
				82C3507B2C47C1DE00204222 /* StreamChatUI */,
				82C3507E2C47C21100204222 /* StreamChatSwiftUI */,
				82C350812C47C25B00204222 /* StreamVideo */,
				82C350832C47C25B00204222 /* StreamVideoSwiftUI */,
				82C350852C47C25B00204222 /* StreamVideoUIKit */,
				825FDEEC2EE9EA6400397528 /* StreamFeeds */,
			);
			productName = TestFrameworks;
			productReference = 82C350672C47C0C700204222 /* TestFrameworks.app */;
			productType = "com.apple.product-type.application";
		};
/* End PBXNativeTarget section */

/* Begin PBXProject section */
		82C3505F2C47C0C600204222 /* Project object */ = {
			isa = PBXProject;
			attributes = {
				BuildIndependentTargetsInParallel = 1;
				LastSwiftUpdateCheck = 1540;
				LastUpgradeCheck = 1540;
				TargetAttributes = {
					82C350662C47C0C600204222 = {
						CreatedOnToolsVersion = 15.4;
					};
				};
			};
			buildConfigurationList = 82C350622C47C0C600204222 /* Build configuration list for PBXProject "TestFrameworks" */;
			compatibilityVersion = "Xcode 14.0";
			developmentRegion = en;
			hasScannedForEncodings = 0;
			knownRegions = (
				en,
				Base,
			);
			mainGroup = 82C3505E2C47C0C600204222;
			packageReferences = (
				82C350782C47C1DE00204222 /* XCRemoteSwiftPackageReference "stream-chat-swift" */,
				82C3507D2C47C21100204222 /* XCRemoteSwiftPackageReference "stream-chat-swiftui" */,
				82C350802C47C25B00204222 /* XCRemoteSwiftPackageReference "stream-video-swift" */,
				825FDEEB2EE9EA6400397528 /* XCRemoteSwiftPackageReference "stream-feeds-swift" */,
			);
			productRefGroup = 82C350682C47C0C700204222 /* Products */;
			projectDirPath = "";
			projectRoot = "";
			targets = (
				82C350662C47C0C600204222 /* TestFrameworks */,
			);
		};
/* End PBXProject section */

/* Begin PBXResourcesBuildPhase section */
		82C350652C47C0C600204222 /* Resources */ = {
			isa = PBXResourcesBuildPhase;
			buildActionMask = 2147483647;
			files = (
				82C350722C47C0C800204222 /* Preview Assets.xcassets in Resources */,
				82C3506F2C47C0C800204222 /* Assets.xcassets in Resources */,
			);
			runOnlyForDeploymentPostprocessing = 0;
		};
/* End PBXResourcesBuildPhase section */

/* Begin PBXSourcesBuildPhase section */
		82C350632C47C0C600204222 /* Sources */ = {
			isa = PBXSourcesBuildPhase;
			buildActionMask = 2147483647;
			files = (
				82C3506D2C47C0C700204222 /* ContentView.swift in Sources */,
				82C3506B2C47C0C700204222 /* TestFrameworksApp.swift in Sources */,
			);
			runOnlyForDeploymentPostprocessing = 0;
		};
/* End PBXSourcesBuildPhase section */

/* Begin XCBuildConfiguration section */
		82C350732C47C0C800204222 /* Debug */ = {
			isa = XCBuildConfiguration;
			buildSettings = {
				ALWAYS_SEARCH_USER_PATHS = NO;
				ASSETCATALOG_COMPILER_GENERATE_SWIFT_ASSET_SYMBOL_EXTENSIONS = YES;
				CLANG_ANALYZER_NONNULL = YES;
				CLANG_ANALYZER_NUMBER_OBJECT_CONVERSION = YES_AGGRESSIVE;
				CLANG_CXX_LANGUAGE_STANDARD = "gnu++20";
				CLANG_ENABLE_MODULES = YES;
				CLANG_ENABLE_OBJC_ARC = YES;
				CLANG_ENABLE_OBJC_WEAK = YES;
				CLANG_WARN_BLOCK_CAPTURE_AUTORELEASING = YES;
				CLANG_WARN_BOOL_CONVERSION = YES;
				CLANG_WARN_COMMA = YES;
				CLANG_WARN_CONSTANT_CONVERSION = YES;
				CLANG_WARN_DEPRECATED_OBJC_IMPLEMENTATIONS = YES;
				CLANG_WARN_DIRECT_OBJC_ISA_USAGE = YES_ERROR;
				CLANG_WARN_DOCUMENTATION_COMMENTS = YES;
				CLANG_WARN_EMPTY_BODY = YES;
				CLANG_WARN_ENUM_CONVERSION = YES;
				CLANG_WARN_INFINITE_RECURSION = YES;
				CLANG_WARN_INT_CONVERSION = YES;
				CLANG_WARN_NON_LITERAL_NULL_CONVERSION = YES;
				CLANG_WARN_OBJC_IMPLICIT_RETAIN_SELF = YES;
				CLANG_WARN_OBJC_LITERAL_CONVERSION = YES;
				CLANG_WARN_OBJC_ROOT_CLASS = YES_ERROR;
				CLANG_WARN_QUOTED_INCLUDE_IN_FRAMEWORK_HEADER = YES;
				CLANG_WARN_RANGE_LOOP_ANALYSIS = YES;
				CLANG_WARN_STRICT_PROTOTYPES = YES;
				CLANG_WARN_SUSPICIOUS_MOVE = YES;
				CLANG_WARN_UNGUARDED_AVAILABILITY = YES_AGGRESSIVE;
				CLANG_WARN_UNREACHABLE_CODE = YES;
				CLANG_WARN__DUPLICATE_METHOD_MATCH = YES;
				COPY_PHASE_STRIP = NO;
				DEBUG_INFORMATION_FORMAT = dwarf;
				ENABLE_STRICT_OBJC_MSGSEND = YES;
				ENABLE_TESTABILITY = YES;
				ENABLE_USER_SCRIPT_SANDBOXING = YES;
				GCC_C_LANGUAGE_STANDARD = gnu17;
				GCC_DYNAMIC_NO_PIC = NO;
				GCC_NO_COMMON_BLOCKS = YES;
				GCC_OPTIMIZATION_LEVEL = 0;
				GCC_PREPROCESSOR_DEFINITIONS = (
					"DEBUG=1",
					"$(inherited)",
				);
				GCC_WARN_64_TO_32_BIT_CONVERSION = YES;
				GCC_WARN_ABOUT_RETURN_TYPE = YES_ERROR;
				GCC_WARN_UNDECLARED_SELECTOR = YES;
				GCC_WARN_UNINITIALIZED_AUTOS = YES_AGGRESSIVE;
				GCC_WARN_UNUSED_FUNCTION = YES;
				GCC_WARN_UNUSED_VARIABLE = YES;
				IPHONEOS_DEPLOYMENT_TARGET = 14.0;
				LOCALIZATION_PREFERS_STRING_CATALOGS = YES;
				MTL_ENABLE_DEBUG_INFO = INCLUDE_SOURCE;
				MTL_FAST_MATH = YES;
				ONLY_ACTIVE_ARCH = YES;
				SDKROOT = iphoneos;
				SWIFT_ACTIVE_COMPILATION_CONDITIONS = "DEBUG $(inherited)";
				SWIFT_OPTIMIZATION_LEVEL = "-Onone";
			};
			name = Debug;
		};
		82C350742C47C0C800204222 /* Release */ = {
			isa = XCBuildConfiguration;
			buildSettings = {
				ALWAYS_SEARCH_USER_PATHS = NO;
				ASSETCATALOG_COMPILER_GENERATE_SWIFT_ASSET_SYMBOL_EXTENSIONS = YES;
				CLANG_ANALYZER_NONNULL = YES;
				CLANG_ANALYZER_NUMBER_OBJECT_CONVERSION = YES_AGGRESSIVE;
				CLANG_CXX_LANGUAGE_STANDARD = "gnu++20";
				CLANG_ENABLE_MODULES = YES;
				CLANG_ENABLE_OBJC_ARC = YES;
				CLANG_ENABLE_OBJC_WEAK = YES;
				CLANG_WARN_BLOCK_CAPTURE_AUTORELEASING = YES;
				CLANG_WARN_BOOL_CONVERSION = YES;
				CLANG_WARN_COMMA = YES;
				CLANG_WARN_CONSTANT_CONVERSION = YES;
				CLANG_WARN_DEPRECATED_OBJC_IMPLEMENTATIONS = YES;
				CLANG_WARN_DIRECT_OBJC_ISA_USAGE = YES_ERROR;
				CLANG_WARN_DOCUMENTATION_COMMENTS = YES;
				CLANG_WARN_EMPTY_BODY = YES;
				CLANG_WARN_ENUM_CONVERSION = YES;
				CLANG_WARN_INFINITE_RECURSION = YES;
				CLANG_WARN_INT_CONVERSION = YES;
				CLANG_WARN_NON_LITERAL_NULL_CONVERSION = YES;
				CLANG_WARN_OBJC_IMPLICIT_RETAIN_SELF = YES;
				CLANG_WARN_OBJC_LITERAL_CONVERSION = YES;
				CLANG_WARN_OBJC_ROOT_CLASS = YES_ERROR;
				CLANG_WARN_QUOTED_INCLUDE_IN_FRAMEWORK_HEADER = YES;
				CLANG_WARN_RANGE_LOOP_ANALYSIS = YES;
				CLANG_WARN_STRICT_PROTOTYPES = YES;
				CLANG_WARN_SUSPICIOUS_MOVE = YES;
				CLANG_WARN_UNGUARDED_AVAILABILITY = YES_AGGRESSIVE;
				CLANG_WARN_UNREACHABLE_CODE = YES;
				CLANG_WARN__DUPLICATE_METHOD_MATCH = YES;
				COPY_PHASE_STRIP = NO;
				DEBUG_INFORMATION_FORMAT = "dwarf-with-dsym";
				ENABLE_NS_ASSERTIONS = NO;
				ENABLE_STRICT_OBJC_MSGSEND = YES;
				ENABLE_USER_SCRIPT_SANDBOXING = YES;
				GCC_C_LANGUAGE_STANDARD = gnu17;
				GCC_NO_COMMON_BLOCKS = YES;
				GCC_WARN_64_TO_32_BIT_CONVERSION = YES;
				GCC_WARN_ABOUT_RETURN_TYPE = YES_ERROR;
				GCC_WARN_UNDECLARED_SELECTOR = YES;
				GCC_WARN_UNINITIALIZED_AUTOS = YES_AGGRESSIVE;
				GCC_WARN_UNUSED_FUNCTION = YES;
				GCC_WARN_UNUSED_VARIABLE = YES;
				IPHONEOS_DEPLOYMENT_TARGET = 14.0;
				LOCALIZATION_PREFERS_STRING_CATALOGS = YES;
				MTL_ENABLE_DEBUG_INFO = NO;
				MTL_FAST_MATH = YES;
				SDKROOT = iphoneos;
				SWIFT_COMPILATION_MODE = wholemodule;
				VALIDATE_PRODUCT = YES;
			};
			name = Release;
		};
		82C350762C47C0C800204222 /* Debug */ = {
			isa = XCBuildConfiguration;
			buildSettings = {
				ASSETCATALOG_COMPILER_APPICON_NAME = AppIcon;
				ASSETCATALOG_COMPILER_GLOBAL_ACCENT_COLOR_NAME = AccentColor;
				CODE_SIGN_STYLE = Automatic;
				CURRENT_PROJECT_VERSION = 1;
				DEVELOPMENT_ASSET_PATHS = "\"TestFrameworks/Preview Content\"";
				ENABLE_PREVIEWS = YES;
				GENERATE_INFOPLIST_FILE = YES;
				INFOPLIST_KEY_UIApplicationSceneManifest_Generation = YES;
				INFOPLIST_KEY_UIApplicationSupportsIndirectInputEvents = YES;
				INFOPLIST_KEY_UILaunchScreen_Generation = YES;
				INFOPLIST_KEY_UISupportedInterfaceOrientations_iPad = "UIInterfaceOrientationPortrait UIInterfaceOrientationPortraitUpsideDown UIInterfaceOrientationLandscapeLeft UIInterfaceOrientationLandscapeRight";
				INFOPLIST_KEY_UISupportedInterfaceOrientations_iPhone = "UIInterfaceOrientationPortrait UIInterfaceOrientationLandscapeLeft UIInterfaceOrientationLandscapeRight";
				LD_RUNPATH_SEARCH_PATHS = (
					"$(inherited)",
					"@executable_path/Frameworks",
				);
				MARKETING_VERSION = 1.0;
				PRODUCT_BUNDLE_IDENTIFIER = io.getstream.TestFrameworks;
				PRODUCT_NAME = "$(TARGET_NAME)";
				SWIFT_EMIT_LOC_STRINGS = YES;
				SWIFT_VERSION = 5.0;
				TARGETED_DEVICE_FAMILY = "1,2";
			};
			name = Debug;
		};
		82C350772C47C0C800204222 /* Release */ = {
			isa = XCBuildConfiguration;
			buildSettings = {
				ASSETCATALOG_COMPILER_APPICON_NAME = AppIcon;
				ASSETCATALOG_COMPILER_GLOBAL_ACCENT_COLOR_NAME = AccentColor;
				CODE_SIGN_STYLE = Automatic;
				CURRENT_PROJECT_VERSION = 1;
				DEVELOPMENT_ASSET_PATHS = "\"TestFrameworks/Preview Content\"";
				ENABLE_PREVIEWS = YES;
				GENERATE_INFOPLIST_FILE = YES;
				INFOPLIST_KEY_UIApplicationSceneManifest_Generation = YES;
				INFOPLIST_KEY_UIApplicationSupportsIndirectInputEvents = YES;
				INFOPLIST_KEY_UILaunchScreen_Generation = YES;
				INFOPLIST_KEY_UISupportedInterfaceOrientations_iPad = "UIInterfaceOrientationPortrait UIInterfaceOrientationPortraitUpsideDown UIInterfaceOrientationLandscapeLeft UIInterfaceOrientationLandscapeRight";
				INFOPLIST_KEY_UISupportedInterfaceOrientations_iPhone = "UIInterfaceOrientationPortrait UIInterfaceOrientationLandscapeLeft UIInterfaceOrientationLandscapeRight";
				LD_RUNPATH_SEARCH_PATHS = (
					"$(inherited)",
					"@executable_path/Frameworks",
				);
				MARKETING_VERSION = 1.0;
				PRODUCT_BUNDLE_IDENTIFIER = io.getstream.TestFrameworks;
				PRODUCT_NAME = "$(TARGET_NAME)";
				SWIFT_EMIT_LOC_STRINGS = YES;
				SWIFT_VERSION = 5.0;
				TARGETED_DEVICE_FAMILY = "1,2";
			};
			name = Release;
		};
/* End XCBuildConfiguration section */

/* Begin XCConfigurationList section */
		82C350622C47C0C600204222 /* Build configuration list for PBXProject "TestFrameworks" */ = {
			isa = XCConfigurationList;
			buildConfigurations = (
				82C350732C47C0C800204222 /* Debug */,
				82C350742C47C0C800204222 /* Release */,
			);
			defaultConfigurationIsVisible = 0;
			defaultConfigurationName = Release;
		};
		82C350752C47C0C800204222 /* Build configuration list for PBXNativeTarget "TestFrameworks" */ = {
			isa = XCConfigurationList;
			buildConfigurations = (
				82C350762C47C0C800204222 /* Debug */,
				82C350772C47C0C800204222 /* Release */,
			);
			defaultConfigurationIsVisible = 0;
			defaultConfigurationName = Release;
		};
/* End XCConfigurationList section */

/* Begin XCRemoteSwiftPackageReference section */
		825FDEEB2EE9EA6400397528 /* XCRemoteSwiftPackageReference "stream-feeds-swift" */ = {
			isa = XCRemoteSwiftPackageReference;
			repositoryURL = "https://github.com/GetStream/stream-feeds-swift";
			requirement = {
				branch = develop;
				kind = branch;
			};
		};
		82C350782C47C1DE00204222 /* XCRemoteSwiftPackageReference "stream-chat-swift" */ = {
			isa = XCRemoteSwiftPackageReference;
			repositoryURL = "https://github.com/GetStream/stream-chat-swift";
			requirement = {
				branch = develop;
				kind = branch;
			};
		};
		82C3507D2C47C21100204222 /* XCRemoteSwiftPackageReference "stream-chat-swiftui" */ = {
			isa = XCRemoteSwiftPackageReference;
			repositoryURL = "https://github.com/GetStream/stream-chat-swiftui";
			requirement = {
				branch = develop;
				kind = branch;
			};
		};
		82C350802C47C25B00204222 /* XCRemoteSwiftPackageReference "stream-video-swift" */ = {
			isa = XCRemoteSwiftPackageReference;
			repositoryURL = "https://github.com/GetStream/stream-video-swift";
			requirement = {
				branch = develop;
				kind = branch;
			};
		};
/* End XCRemoteSwiftPackageReference section */

/* Begin XCSwiftPackageProductDependency section */
		825FDEEC2EE9EA6400397528 /* StreamFeeds */ = {
			isa = XCSwiftPackageProductDependency;
			package = 825FDEEB2EE9EA6400397528 /* XCRemoteSwiftPackageReference "stream-feeds-swift" */;
			productName = StreamFeeds;
		};
		82C350792C47C1DE00204222 /* StreamChat */ = {
			isa = XCSwiftPackageProductDependency;
			package = 82C350782C47C1DE00204222 /* XCRemoteSwiftPackageReference "stream-chat-swift" */;
			productName = StreamChat;
		};
		82C3507B2C47C1DE00204222 /* StreamChatUI */ = {
			isa = XCSwiftPackageProductDependency;
			package = 82C350782C47C1DE00204222 /* XCRemoteSwiftPackageReference "stream-chat-swift" */;
			productName = StreamChatUI;
		};
		82C3507E2C47C21100204222 /* StreamChatSwiftUI */ = {
			isa = XCSwiftPackageProductDependency;
			package = 82C3507D2C47C21100204222 /* XCRemoteSwiftPackageReference "stream-chat-swiftui" */;
			productName = StreamChatSwiftUI;
		};
		82C350812C47C25B00204222 /* StreamVideo */ = {
			isa = XCSwiftPackageProductDependency;
			package = 82C350802C47C25B00204222 /* XCRemoteSwiftPackageReference "stream-video-swift" */;
			productName = StreamVideo;
		};
		82C350832C47C25B00204222 /* StreamVideoSwiftUI */ = {
			isa = XCSwiftPackageProductDependency;
			package = 82C350802C47C25B00204222 /* XCRemoteSwiftPackageReference "stream-video-swift" */;
			productName = StreamVideoSwiftUI;
		};
		82C350852C47C25B00204222 /* StreamVideoUIKit */ = {
			isa = XCSwiftPackageProductDependency;
			package = 82C350802C47C25B00204222 /* XCRemoteSwiftPackageReference "stream-video-swift" */;
			productName = StreamVideoUIKit;
		};
/* End XCSwiftPackageProductDependency section */
	};
	rootObject = 82C3505F2C47C0C600204222 /* Project object */;
}
